{
  "_readme": [
    "This file locks the dependencies of your project to a known state",
    "Read more about it at https://getcomposer.org/doc/01-basic-usage.md#composer-lock-the-lock-file",
    "This file is @generated automatically"
  ],
  "hash": "27999040587e77ab28dcbe0367415d2b",
  "content-hash": "5869a93271aed30b8a72e1b026888dd8",
  "packages": [],
  "packages-dev": [],
  "aliases": [],
  "minimum-stability": "stable",
  "stability-flags": [],
  "prefer-stable": false,
  "prefer-lowest": false,
  "platform": {
    "php": ">7"
  },
  "platform-dev": []
}
